
Microsoft Visual Studio Solution File, Format Version 12.00
# Visual Studio Version 16
VisualStudioVersion = 16.0.810.22
MinimumVisualStudioVersion = 10.0.40219.1
Project("{FAE04EC0-301F-11D3-BF4B-00C04F79EFBC}") = "SwitchStatement", "SwitchStatement\SwitchStatement.csproj", "{6329DD3E-97BE-4510-81D4-A623CAB822B5}"
EndProject
Global
	GlobalSection(SolutionConfigurationPlatforms) = preSolution
		Debug|Any CPU = Debug|Any CPU
		Release|Any CPU = Release|Any CPU
	EndGlobalSection
	GlobalSection(ProjectConfigurationPlatforms) = postSolution
		{6329DD3E-97BE-4510-81D4-A623CAB822B5}.Debug|Any CPU.ActiveCfg = Debug|Any CPU
		{6329DD3E-97BE-4510-81D4-A623CAB822B5}.Debug|Any CPU.Build.0 = Debug|Any CPU
		{6329DD3E-97BE-4510-81D4-A623CAB822B5}.Release|Any CPU.ActiveCfg = Release|Any CPU
		{6329DD3E-97BE-4510-81D4-A623CAB822B5}.Release|Any CPU.Build.0 = Release|Any CPU
	EndGlobalSection
	GlobalSection(SolutionProperties) = preSolution
		HideSolutionNode = FALSE
	EndGlobalSection
	GlobalSection(ExtensibilityGlobals) = postSolution
		SolutionGuid = {E63824ED-69C1-4C84-9AC6-DA2D0A718626}
	EndGlobalSection
EndGlobal
